
Microsoft Visual Studio Solution File, Format Version 12.00
# Visual Studio Version 16
VisualStudioVersion = 16.0.30413.136
MinimumVisualStudioVersion = 10.0.40219.1
Project("{FAE04EC0-301F-11D3-BF4B-00C04F79EFBC}") = "BlazorFuncWeb", "BlazorFuncWeb\BlazorFuncWeb.csproj", "{3A4A93FD-8010-4C2D-8FAC-9B0ABE0DD334}"
EndProject
Project("{FAE04EC0-301F-11D3-BF4B-00C04F79EFBC}") = "BlazorFuncWeb.Common", "BlazorFuncWeb.Common\BlazorFuncWeb.Common.csproj", "{FA1161EB-24B8-41B3-B178-BD62CE661456}"
EndProject
Project("{FAE04EC0-301F-11D3-BF4B-00C04F79EFBC}") = "BlazorFuncWeb.Func", "BlazorFuncWeb.Func\BlazorFuncWeb.Func.csproj", "{1EF63626-2D28-42C0-AA67-C98E3063FFF2}"
EndProject
Global
	GlobalSection(SolutionConfigurationPlatforms) = preSolution
		Debug|Any CPU = Debug|Any CPU
		Release|Any CPU = Release|Any CPU
	EndGlobalSection
	GlobalSection(ProjectConfigurationPlatforms) = postSolution
		{3A4A93FD-8010-4C2D-8FAC-9B0ABE0DD334}.Debug|Any CPU.ActiveCfg = Debug|Any CPU
		{3A4A93FD-8010-4C2D-8FAC-9B0ABE0DD334}.Debug|Any CPU.Build.0 = Debug|Any CPU
		{3A4A93FD-8010-4C2D-8FAC-9B0ABE0DD334}.Release|Any CPU.ActiveCfg = Release|Any CPU
		{3A4A93FD-8010-4C2D-8FAC-9B0ABE0DD334}.Release|Any CPU.Build.0 = Release|Any CPU
		{FA1161EB-24B8-41B3-B178-BD62CE661456}.Debug|Any CPU.ActiveCfg = Debug|Any CPU
		{FA1161EB-24B8-41B3-B178-BD62CE661456}.Debug|Any CPU.Build.0 = Debug|Any CPU
		{FA1161EB-24B8-41B3-B178-BD62CE661456}.Release|Any CPU.ActiveCfg = Release|Any CPU
		{FA1161EB-24B8-41B3-B178-BD62CE661456}.Release|Any CPU.Build.0 = Release|Any CPU
		{1EF63626-2D28-42C0-AA67-C98E3063FFF2}.Debug|Any CPU.ActiveCfg = Debug|Any CPU
		{1EF63626-2D28-42C0-AA67-C98E3063FFF2}.Debug|Any CPU.Build.0 = Debug|Any CPU
		{1EF63626-2D28-42C0-AA67-C98E3063FFF2}.Release|Any CPU.ActiveCfg = Release|Any CPU
		{1EF63626-2D28-42C0-AA67-C98E3063FFF2}.Release|Any CPU.Build.0 = Release|Any CPU
	EndGlobalSection
	GlobalSection(SolutionProperties) = preSolution
		HideSolutionNode = FALSE
	EndGlobalSection
	GlobalSection(ExtensibilityGlobals) = postSolution
		SolutionGuid = {93F7A5EF-681E-4721-88E5-7ABD9EEE3654}
	EndGlobalSection
EndGlobal
