
Microsoft Visual Studio Solution File, Format Version 12.00
# Visual Studio Version 16
VisualStudioVersion = 16.0.30413.136
MinimumVisualStudioVersion = 10.0.40219.1
Project("{9A19103F-16F7-4668-BE54-9A1E7A4F7556}") = "BlazorFuncWeb", "BlazorFuncWeb\BlazorFuncWeb.csproj", "{3A4A93FD-8010-4C2D-8FAC-9B0ABE0DD334}"
EndProject
Project("{9A19103F-16F7-4668-BE54-9A1E7A4F7556}") = "BlazorFuncWeb.Common", "BlazorFuncWeb.Common\BlazorFuncWeb.Common.csproj", "{FA1161EB-24B8-41B3-B178-BD62CE661456}"
EndProject
Project("{9A19103F-16F7-4668-BE54-9A1E7A4F7556}") = "BlazorFuncWeb.Func", "BlazorFuncWeb.Func\BlazorFuncWeb.Func.csproj", "{1EF63626-2D28-42C0-AA67-C98E3063FFF2}"
EndProject
Project("{2150E333-8FDC-42A3-9474-1A3956D46DE8}") = "Solution Items", "Solution Items", "{0CDDBA8A-A56F-4E6C-B72F-19EC0B131D47}"
	ProjectSection(SolutionItems) = preProject
		Code-Config-Changes.txt = Code-Config-Changes.txt
		TableCreate.sql = TableCreate.sql
	EndProjectSection
EndProject
Global
	GlobalSection(SolutionConfigurationPlatforms) = preSolution
		Debug|Any CPU = Debug|Any CPU
		Release|Any CPU = Release|Any CPU
	EndGlobalSection
	GlobalSection(ProjectConfigurationPlatforms) = postSolution
		{3A4A93FD-8010-4C2D-8FAC-9B0ABE0DD334}.Debug|Any CPU.ActiveCfg = Debug|Any CPU
		{3A4A93FD-8010-4C2D-8FAC-9B0ABE0DD334}.Debug|Any CPU.Build.0 = Debug|Any CPU
		{3A4A93FD-8010-4C2D-8FAC-9B0ABE0DD334}.Release|Any CPU.ActiveCfg = Release|Any CPU
		{3A4A93FD-8010-4C2D-8FAC-9B0ABE0DD334}.Release|Any CPU.Build.0 = Release|Any CPU
		{FA1161EB-24B8-41B3-B178-BD62CE661456}.Debug|Any CPU.ActiveCfg = Debug|Any CPU
		{FA1161EB-24B8-41B3-B178-BD62CE661456}.Debug|Any CPU.Build.0 = Debug|Any CPU
		{FA1161EB-24B8-41B3-B178-BD62CE661456}.Release|Any CPU.ActiveCfg = Release|Any CPU
		{FA1161EB-24B8-41B3-B178-BD62CE661456}.Release|Any CPU.Build.0 = Release|Any CPU
		{1EF63626-2D28-42C0-AA67-C98E3063FFF2}.Debug|Any CPU.ActiveCfg = Debug|Any CPU
		{1EF63626-2D28-42C0-AA67-C98E3063FFF2}.Debug|Any CPU.Build.0 = Debug|Any CPU
		{1EF63626-2D28-42C0-AA67-C98E3063FFF2}.Release|Any CPU.ActiveCfg = Release|Any CPU
		{1EF63626-2D28-42C0-AA67-C98E3063FFF2}.Release|Any CPU.Build.0 = Release|Any CPU
	EndGlobalSection
	GlobalSection(SolutionProperties) = preSolution
		HideSolutionNode = FALSE
	EndGlobalSection
	GlobalSection(ExtensibilityGlobals) = postSolution
		SolutionGuid = {93F7A5EF-681E-4721-88E5-7ABD9EEE3654}
	EndGlobalSection
EndGlobal
